
Microsoft Visual Studio Solution File, Format Version 12.00
# Visual Studio Version 17
VisualStudioVersion = 17.8.34525.116
MinimumVisualStudioVersion = 10.0.40219.1
Project("{FAE04EC0-301F-11D3-BF4B-00C04F79EFBC}") = "CrudApplication2", "CrudApplication2\CrudApplication2.csproj", "{3403A855-21A6-44B6-BE30-E4356C7294C8}"
EndProject
Global
	GlobalSection(SolutionConfigurationPlatforms) = preSolution
		Debug|Any CPU = Debug|Any CPU
		Release|Any CPU = Release|Any CPU
	EndGlobalSection
	GlobalSection(ProjectConfigurationPlatforms) = postSolution
		{3403A855-21A6-44B6-BE30-E4356C7294C8}.Debug|Any CPU.ActiveCfg = Debug|Any CPU
		{3403A855-21A6-44B6-BE30-E4356C7294C8}.Debug|Any CPU.Build.0 = Debug|Any CPU
		{3403A855-21A6-44B6-BE30-E4356C7294C8}.Release|Any CPU.ActiveCfg = Release|Any CPU
		{3403A855-21A6-44B6-BE30-E4356C7294C8}.Release|Any CPU.Build.0 = Release|Any CPU
	EndGlobalSection
	GlobalSection(SolutionProperties) = preSolution
		HideSolutionNode = FALSE
	EndGlobalSection
	GlobalSection(ExtensibilityGlobals) = postSolution
		SolutionGuid = {24283897-56C9-4DD4-9EA9-AD30A02BC578}
	EndGlobalSection
EndGlobal
