
Microsoft Visual Studio Solution File, Format Version 12.00
# Visual Studio Version 17
VisualStudioVersion = 17.8.34525.116
MinimumVisualStudioVersion = 10.0.40219.1
Project("{FAE04EC0-301F-11D3-BF4B-00C04F79EFBC}") = "jQuery", "jQuery\jQuery.csproj", "{3CEE1B14-6EB8-4656-8AD6-F5811957C805}"
EndProject
Global
	GlobalSection(SolutionConfigurationPlatforms) = preSolution
		Debug|Any CPU = Debug|Any CPU
		Release|Any CPU = Release|Any CPU
	EndGlobalSection
	GlobalSection(ProjectConfigurationPlatforms) = postSolution
		{3CEE1B14-6EB8-4656-8AD6-F5811957C805}.Debug|Any CPU.ActiveCfg = Debug|Any CPU
		{3CEE1B14-6EB8-4656-8AD6-F5811957C805}.Debug|Any CPU.Build.0 = Debug|Any CPU
		{3CEE1B14-6EB8-4656-8AD6-F5811957C805}.Release|Any CPU.ActiveCfg = Release|Any CPU
		{3CEE1B14-6EB8-4656-8AD6-F5811957C805}.Release|Any CPU.Build.0 = Release|Any CPU
	EndGlobalSection
	GlobalSection(SolutionProperties) = preSolution
		HideSolutionNode = FALSE
	EndGlobalSection
	GlobalSection(ExtensibilityGlobals) = postSolution
		SolutionGuid = {EE56C05A-06D2-4763-9A34-78B9D44A5BF0}
	EndGlobalSection
EndGlobal
