
Microsoft Visual Studio Solution File, Format Version 12.00
# Visual Studio Version 17
VisualStudioVersion = 17.8.34525.116
MinimumVisualStudioVersion = 10.0.40219.1
Project("{FAE04EC0-301F-11D3-BF4B-00C04F79EFBC}") = "Strongly typed view", "Strongly typed view\Strongly typed view.csproj", "{751846F2-F369-4A8C-A40A-C0ACC110D1FD}"
EndProject
Global
	GlobalSection(SolutionConfigurationPlatforms) = preSolution
		Debug|Any CPU = Debug|Any CPU
		Release|Any CPU = Release|Any CPU
	EndGlobalSection
	GlobalSection(ProjectConfigurationPlatforms) = postSolution
		{751846F2-F369-4A8C-A40A-C0ACC110D1FD}.Debug|Any CPU.ActiveCfg = Debug|Any CPU
		{751846F2-F369-4A8C-A40A-C0ACC110D1FD}.Debug|Any CPU.Build.0 = Debug|Any CPU
		{751846F2-F369-4A8C-A40A-C0ACC110D1FD}.Release|Any CPU.ActiveCfg = Release|Any CPU
		{751846F2-F369-4A8C-A40A-C0ACC110D1FD}.Release|Any CPU.Build.0 = Release|Any CPU
	EndGlobalSection
	GlobalSection(SolutionProperties) = preSolution
		HideSolutionNode = FALSE
	EndGlobalSection
	GlobalSection(ExtensibilityGlobals) = postSolution
		SolutionGuid = {8C235CFB-4E46-4777-B4F6-B087A840E47B}
	EndGlobalSection
EndGlobal
