
Microsoft Visual Studio Solution File, Format Version 12.00
# Visual Studio Version 17
VisualStudioVersion = 17.8.34525.116
MinimumVisualStudioVersion = 10.0.40219.1
Project("{FAE04EC0-301F-11D3-BF4B-00C04F79EFBC}") = "RepoViewCrud", "RepoViewCrud\RepoViewCrud.csproj", "{66029A36-2785-4DF8-A85E-C0C1EDA8FFF2}"
EndProject
Global
	GlobalSection(SolutionConfigurationPlatforms) = preSolution
		Debug|Any CPU = Debug|Any CPU
		Release|Any CPU = Release|Any CPU
	EndGlobalSection
	GlobalSection(ProjectConfigurationPlatforms) = postSolution
		{66029A36-2785-4DF8-A85E-C0C1EDA8FFF2}.Debug|Any CPU.ActiveCfg = Debug|Any CPU
		{66029A36-2785-4DF8-A85E-C0C1EDA8FFF2}.Debug|Any CPU.Build.0 = Debug|Any CPU
		{66029A36-2785-4DF8-A85E-C0C1EDA8FFF2}.Release|Any CPU.ActiveCfg = Release|Any CPU
		{66029A36-2785-4DF8-A85E-C0C1EDA8FFF2}.Release|Any CPU.Build.0 = Release|Any CPU
	EndGlobalSection
	GlobalSection(SolutionProperties) = preSolution
		HideSolutionNode = FALSE
	EndGlobalSection
	GlobalSection(ExtensibilityGlobals) = postSolution
		SolutionGuid = {F6C9B9CB-BF98-4D38-BFCF-88FC3CB91D61}
	EndGlobalSection
EndGlobal
