
Microsoft Visual Studio Solution File, Format Version 12.00
# Visual Studio Version 17
VisualStudioVersion = 17.8.34525.116
MinimumVisualStudioVersion = 10.0.40219.1
Project("{FAE04EC0-301F-11D3-BF4B-00C04F79EFBC}") = "Map method routing", "Map method routing\Map method routing.csproj", "{C9C1AF49-D83F-4C76-A706-A5A7FE07FB8A}"
EndProject
Global
	GlobalSection(SolutionConfigurationPlatforms) = preSolution
		Debug|Any CPU = Debug|Any CPU
		Release|Any CPU = Release|Any CPU
	EndGlobalSection
	GlobalSection(ProjectConfigurationPlatforms) = postSolution
		{C9C1AF49-D83F-4C76-A706-A5A7FE07FB8A}.Debug|Any CPU.ActiveCfg = Debug|Any CPU
		{C9C1AF49-D83F-4C76-A706-A5A7FE07FB8A}.Debug|Any CPU.Build.0 = Debug|Any CPU
		{C9C1AF49-D83F-4C76-A706-A5A7FE07FB8A}.Release|Any CPU.ActiveCfg = Release|Any CPU
		{C9C1AF49-D83F-4C76-A706-A5A7FE07FB8A}.Release|Any CPU.Build.0 = Release|Any CPU
	EndGlobalSection
	GlobalSection(SolutionProperties) = preSolution
		HideSolutionNode = FALSE
	EndGlobalSection
	GlobalSection(ExtensibilityGlobals) = postSolution
		SolutionGuid = {02A7C4F6-C281-4FC2-AD23-A6B5167ABB9D}
	EndGlobalSection
EndGlobal
