
Microsoft Visual Studio Solution File, Format Version 12.00
# Visual Studio Version 17
VisualStudioVersion = 17.8.34525.116
MinimumVisualStudioVersion = 10.0.40219.1
Project("{FAE04EC0-301F-11D3-BF4B-00C04F79EFBC}") = "ASPCoreWebAPI", "ASPCoreWebAPI\ASPCoreWebAPI.csproj", "{39B9C176-15F5-464A-977B-C881AEDEA80B}"
EndProject
Global
	GlobalSection(SolutionConfigurationPlatforms) = preSolution
		Debug|Any CPU = Debug|Any CPU
		Release|Any CPU = Release|Any CPU
	EndGlobalSection
	GlobalSection(ProjectConfigurationPlatforms) = postSolution
		{39B9C176-15F5-464A-977B-C881AEDEA80B}.Debug|Any CPU.ActiveCfg = Debug|Any CPU
		{39B9C176-15F5-464A-977B-C881AEDEA80B}.Debug|Any CPU.Build.0 = Debug|Any CPU
		{39B9C176-15F5-464A-977B-C881AEDEA80B}.Release|Any CPU.ActiveCfg = Release|Any CPU
		{39B9C176-15F5-464A-977B-C881AEDEA80B}.Release|Any CPU.Build.0 = Release|Any CPU
	EndGlobalSection
	GlobalSection(SolutionProperties) = preSolution
		HideSolutionNode = FALSE
	EndGlobalSection
	GlobalSection(ExtensibilityGlobals) = postSolution
		SolutionGuid = {F4E6367A-5482-4AD4-A3DA-2F23A33F1F11}
	EndGlobalSection
EndGlobal
