
Microsoft Visual Studio Solution File, Format Version 12.00
# Visual Studio Version 17
VisualStudioVersion = 17.8.34525.116
MinimumVisualStudioVersion = 10.0.40219.1
Project("{FAE04EC0-301F-11D3-BF4B-00C04F79EFBC}") = "DartaChalaiCrud", "DartaChalaiCrud\DartaChalaiCrud.csproj", "{6517D887-8C95-4130-8B93-017DCC65A47D}"
EndProject
Global
	GlobalSection(SolutionConfigurationPlatforms) = preSolution
		Debug|Any CPU = Debug|Any CPU
		Release|Any CPU = Release|Any CPU
	EndGlobalSection
	GlobalSection(ProjectConfigurationPlatforms) = postSolution
		{6517D887-8C95-4130-8B93-017DCC65A47D}.Debug|Any CPU.ActiveCfg = Debug|Any CPU
		{6517D887-8C95-4130-8B93-017DCC65A47D}.Debug|Any CPU.Build.0 = Debug|Any CPU
		{6517D887-8C95-4130-8B93-017DCC65A47D}.Release|Any CPU.ActiveCfg = Release|Any CPU
		{6517D887-8C95-4130-8B93-017DCC65A47D}.Release|Any CPU.Build.0 = Release|Any CPU
	EndGlobalSection
	GlobalSection(SolutionProperties) = preSolution
		HideSolutionNode = FALSE
	EndGlobalSection
	GlobalSection(ExtensibilityGlobals) = postSolution
		SolutionGuid = {3F286698-C980-47B2-BCB5-8AD829521C53}
	EndGlobalSection
EndGlobal
