
Microsoft Visual Studio Solution File, Format Version 12.00
# Visual Studio Version 17
VisualStudioVersion = 17.8.34525.116
MinimumVisualStudioVersion = 10.0.40219.1
Project("{FAE04EC0-301F-11D3-BF4B-00C04F79EFBC}") = "StudentViewModelCrud", "StudentViewModelCrud\StudentViewModelCrud.csproj", "{E2089843-F309-44C3-A358-6DD11BA36373}"
EndProject
Global
	GlobalSection(SolutionConfigurationPlatforms) = preSolution
		Debug|Any CPU = Debug|Any CPU
		Release|Any CPU = Release|Any CPU
	EndGlobalSection
	GlobalSection(ProjectConfigurationPlatforms) = postSolution
		{E2089843-F309-44C3-A358-6DD11BA36373}.Debug|Any CPU.ActiveCfg = Debug|Any CPU
		{E2089843-F309-44C3-A358-6DD11BA36373}.Debug|Any CPU.Build.0 = Debug|Any CPU
		{E2089843-F309-44C3-A358-6DD11BA36373}.Release|Any CPU.ActiveCfg = Release|Any CPU
		{E2089843-F309-44C3-A358-6DD11BA36373}.Release|Any CPU.Build.0 = Release|Any CPU
	EndGlobalSection
	GlobalSection(SolutionProperties) = preSolution
		HideSolutionNode = FALSE
	EndGlobalSection
	GlobalSection(ExtensibilityGlobals) = postSolution
		SolutionGuid = {16103D9D-C3D7-4337-90A1-C45800C020D4}
	EndGlobalSection
EndGlobal
