
Microsoft Visual Studio Solution File, Format Version 12.00
# Visual Studio Version 17
VisualStudioVersion = 17.8.34525.116
MinimumVisualStudioVersion = 10.0.40219.1
Project("{FAE04EC0-301F-11D3-BF4B-00C04F79EFBC}") = "RepositorypatternCrud", "RepositorypatternCrud\RepositorypatternCrud.csproj", "{A7C51AAD-24D8-410D-AA03-68AF50D6D223}"
EndProject
Global
	GlobalSection(SolutionConfigurationPlatforms) = preSolution
		Debug|Any CPU = Debug|Any CPU
		Release|Any CPU = Release|Any CPU
	EndGlobalSection
	GlobalSection(ProjectConfigurationPlatforms) = postSolution
		{A7C51AAD-24D8-410D-AA03-68AF50D6D223}.Debug|Any CPU.ActiveCfg = Debug|Any CPU
		{A7C51AAD-24D8-410D-AA03-68AF50D6D223}.Debug|Any CPU.Build.0 = Debug|Any CPU
		{A7C51AAD-24D8-410D-AA03-68AF50D6D223}.Release|Any CPU.ActiveCfg = Release|Any CPU
		{A7C51AAD-24D8-410D-AA03-68AF50D6D223}.Release|Any CPU.Build.0 = Release|Any CPU
	EndGlobalSection
	GlobalSection(SolutionProperties) = preSolution
		HideSolutionNode = FALSE
	EndGlobalSection
	GlobalSection(ExtensibilityGlobals) = postSolution
		SolutionGuid = {022DEAA1-6818-472A-8EF5-29849D7B7C91}
	EndGlobalSection
EndGlobal
